
Microsoft Visual Studio Solution File, Format Version 12.00
# Visual Studio Version 17
VisualStudioVersion = 17.4.33213.308
MinimumVisualStudioVersion = 10.0.40219.1
Project("{FAE04EC0-301F-11D3-BF4B-00C04F79EFBC}") = "EVO", "EVO\EVO.csproj", "{6FB19C56-5B84-460D-BD73-C7F105809799}"
EndProject
Global
	GlobalSection(SolutionConfigurationPlatforms) = preSolution
		Debug|Any CPU = Debug|Any CPU
		Release|Any CPU = Release|Any CPU
	EndGlobalSection
	GlobalSection(ProjectConfigurationPlatforms) = postSolution
		{6FB19C56-5B84-460D-BD73-C7F105809799}.Debug|Any CPU.ActiveCfg = Debug|Any CPU
		{6FB19C56-5B84-460D-BD73-C7F105809799}.Debug|Any CPU.Build.0 = Debug|Any CPU
		{6FB19C56-5B84-460D-BD73-C7F105809799}.Release|Any CPU.ActiveCfg = Release|Any CPU
		{6FB19C56-5B84-460D-BD73-C7F105809799}.Release|Any CPU.Build.0 = Release|Any CPU
	EndGlobalSection
	GlobalSection(SolutionProperties) = preSolution
		HideSolutionNode = FALSE
	EndGlobalSection
	GlobalSection(ExtensibilityGlobals) = postSolution
		SolutionGuid = {0DAF5CBC-8638-420E-AF00-1FCAF8D73430}
	EndGlobalSection
EndGlobal
